{
  "requires": true,
  "lockfileVersion": 1,
  "dependencies": {
    "@babel/runtime": {
      "version": "7.7.2",
      "resolved": "https://registry.npmjs.org/@babel/runtime/-/runtime-7.7.2.tgz",
      "integrity": "sha512-JONRbXbTXc9WQE2mAZd1p0Z3DZ/6vaQIkgYMSTP3KjRCyd7rCZCcfhCyX+YjwcKxcZ82UrxbRD358bpExNgrjw==",
      "requires": {
        "regenerator-runtime": "^0.13.2"
      }
    },
    "agent-base": {
      "version": "4.3.0",
      "resolved": "https://registry.npmjs.org/agent-base/-/agent-base-4.3.0.tgz",
      "integrity": "sha512-salcGninV0nPrwpGNn4VTXBb1SOuXQBiqbrNXoeizJsHrsL6ERFM2Ne3JUSBWRE6aeNJI2ROP/WEEIDUiDe3cg==",
      "requires": {
        "es6-promisify": "^5.0.0"
      }
    },
    "asn1.js": {
      "version": "5.2.0",
      "resolved": "https://registry.npmjs.org/asn1.js/-/asn1.js-5.2.0.tgz",
      "integrity": "sha512-Q7hnYGGNYbcmGrCPulXfkEw7oW7qjWeM4ZTALmgpuIcZLxyqqKYWxCZg2UBm8bklrnB4m2mGyJPWfoktdORD8A==",
      "requires": {
        "bn.js": "^4.0.0",
        "inherits": "^2.0.1",
        "minimalistic-assert": "^1.0.0"
      }
    },
    "asn1.js-rfc2560": {
      "version": "5.0.0",
      "resolved": "https://registry.npmjs.org/asn1.js-rfc2560/-/asn1.js-rfc2560-5.0.0.tgz",
      "integrity": "sha512-I3bOj/If4sMFmV6Oru93DIDvdENVKVretVpVIp5fe3MACM2HasbnMvTW1fdzbUiHcmMYI+5WfBiboHkIa4j4ew==",
      "requires": {
        "asn1.js-rfc5280": "^3.0.0"
      }
    },
    "asn1.js-rfc5280": {
      "version": "3.0.0",
      "resolved": "https://registry.npmjs.org/asn1.js-rfc5280/-/asn1.js-rfc5280-3.0.0.tgz",
      "integrity": "sha512-Y2LZPOWeZ6qehv698ZgOGGCZXBQShObWnGthTrIFlIQjuV1gg2B8QOhWFRExq/MR1VnPpIIe7P9vX2vElxv+Pg==",
      "requires": {
        "asn1.js": "^5.0.0"
      }
    },
    "async-limiter": {
      "version": "1.0.1",
      "resolved": "https://registry.npmjs.org/async-limiter/-/async-limiter-1.0.1.tgz",
      "integrity": "sha512-csOlWGAcRFJaI6m+F2WKdnMKr4HhdhFVBk0H/QbJFMCr+uO2kwohwXQPxw/9OCxp05r5ghVBFSyioixx3gfkNQ=="
    },
    "base64-arraybuffer": {
      "version": "0.2.0",
      "resolved": "https://registry.npmjs.org/base64-arraybuffer/-/base64-arraybuffer-0.2.0.tgz",
      "integrity": "sha512-7emyCsu1/xiBXgQZrscw/8KPRT44I4Yq9Pe6EGs3aPRTsWuggML1/1DTuZUuIaJPIm1FTDUVXl4x/yW8s0kQDQ=="
    },
    "bn.js": {
      "version": "4.11.8",
      "resolved": "https://registry.npmjs.org/bn.js/-/bn.js-4.11.8.tgz",
      "integrity": "sha512-ItfYfPLkWHUjckQCk8xC+LwxgK8NYcXywGigJgSwOP8Y2iyWT4f2vsZnoOXTTbo+o5yXmIUJ4gn5538SO5S3gA=="
    },
    "debug": {
      "version": "3.2.6",
      "resolved": "https://registry.npmjs.org/debug/-/debug-3.2.6.tgz",
      "integrity": "sha512-mel+jf7nrtEl5Pn1Qx46zARXKDpBbvzezse7p7LqINmdoIk8PYP5SySaxEmYv6TZ0JyEKA1hsCId6DIhgITtWQ==",
      "requires": {
        "ms": "^2.1.1"
      }
    },
    "es6-promise": {
      "version": "4.2.8",
      "resolved": "https://registry.npmjs.org/es6-promise/-/es6-promise-4.2.8.tgz",
      "integrity": "sha512-HJDGx5daxeIvxdBxvG2cb9g4tEvwIk3i8+nhX0yGrYmZUzbkdg8QbDevheDB8gd0//uPj4c1EQua8Q+MViT0/w=="
    },
    "es6-promisify": {
      "version": "5.0.0",
      "resolved": "https://registry.npmjs.org/es6-promisify/-/es6-promisify-5.0.0.tgz",
      "integrity": "sha1-UQnWLz5W6pZ8S2NQWu8IKRyKUgM=",
      "requires": {
        "es6-promise": "^4.0.3"
      }
    },
    "event-as-promise": {
      "version": "1.0.5",
      "resolved": "https://registry.npmjs.org/event-as-promise/-/event-as-promise-1.0.5.tgz",
      "integrity": "sha512-z/WIlyou7oTvXBjm5YYjfklr2d8gUWtx8b5GAcrIs1n1D35f7NIK0CrcYSXbY3VYikG9bUan+wScPyGXL/NH4A=="
    },
    "events": {
      "version": "3.0.0",
      "resolved": "https://registry.npmjs.org/events/-/events-3.0.0.tgz",
      "integrity": "sha512-Dc381HFWJzEOhQ+d8pkNon++bk9h6cdAoAj4iE6Q4y6xgTzySWXlKn05/TVNpjnfRqi/X0EpJEJohPjNI3zpVA=="
    },
    "https-proxy-agent": {
      "version": "2.2.4",
      "resolved": "https://registry.npmjs.org/https-proxy-agent/-/https-proxy-agent-2.2.4.tgz",
      "integrity": "sha512-OmvfoQ53WLjtA9HeYP9RNrWMJzzAz1JGaSFr1nijg0PVR1JaD/xbJq1mdEIIlxGpXp9eSe/O2LgU9DJmTPd0Eg==",
      "requires": {
        "agent-base": "^4.3.0",
        "debug": "^3.1.0"
      }
    },
    "inherits": {
      "version": "2.0.4",
      "resolved": "https://registry.npmjs.org/inherits/-/inherits-2.0.4.tgz",
      "integrity": "sha512-k/vGaX4/Yla3WzyMCvTQOXYeIHvqOKtnqBduzTHpzpQZzAskKMhZ2K+EnBiSM9zGSoIFeMpXKxa4dYeZIQqewQ=="
    },
    "memoize-one": {
      "version": "5.1.1",
      "resolved": "https://registry.npmjs.org/memoize-one/-/memoize-one-5.1.1.tgz",
      "integrity": "sha512-HKeeBpWvqiVJD57ZUAsJNm71eHTykffzcLZVYWiVfQeI1rJtuEaS7hQiEpWfVVk18donPwJEcFKIkCmPJNOhHA=="
    },
    "microsoft-cognitiveservices-speech-sdk": {
      "version": "1.6.0",
      "resolved": "https://registry.npmjs.org/microsoft-cognitiveservices-speech-sdk/-/microsoft-cognitiveservices-speech-sdk-1.6.0.tgz",
      "integrity": "sha512-B1z9cOQSfQxHgjnbkx4NBj5YOHz0ymUBnXYec+thgwRsfJntKfWGJEdarvEjiHr0+UkC+ejuCaFshnHgtwgphQ==",
      "requires": {
        "asn1.js-rfc2560": "^5.0.0",
        "asn1.js-rfc5280": "^3.0.0",
        "https-proxy-agent": "^2.2.1",
        "simple-lru-cache": "0.0.2",
        "ws": "^6.1.2"
      }
    },
    "minimalistic-assert": {
      "version": "1.0.1",
      "resolved": "https://registry.npmjs.org/minimalistic-assert/-/minimalistic-assert-1.0.1.tgz",
      "integrity": "sha512-UtJcAD4yEaGtjPezWuO9wC4nwUnVH/8/Im3yEHQP4b67cXlD/Qr9hdITCU1xDbSEXg2XKNaP8jsReV7vQd00/A=="
    },
    "ms": {
      "version": "2.1.2",
      "resolved": "https://registry.npmjs.org/ms/-/ms-2.1.2.tgz",
      "integrity": "sha512-sGkPx+VjMtmA6MX27oA4FBFELFCZZ4S4XqeGOXCv68tT+jb3vk/RyaKWP0PTKyWtmLSM0b+adUTEvbs1PEaH2w=="
    },
    "on-error-resume-next": {
      "version": "1.1.0",
      "resolved": "https://registry.npmjs.org/on-error-resume-next/-/on-error-resume-next-1.1.0.tgz",
      "integrity": "sha512-XhWMbmKV0+W95yLJjT1Z9zdkKiPUjDn63YYsji1pdvKqaa7pq4coeHaHEXPsa36SFlffOyOlPK/0rn6Njfb+LA=="
    },
    "regenerator-runtime": {
      "version": "0.13.3",
      "resolved": "https://registry.npmjs.org/regenerator-runtime/-/regenerator-runtime-0.13.3.tgz",
      "integrity": "sha512-naKIZz2GQ8JWh///G7L3X6LaQUAMp2lvb1rvwwsURe/VXwD6VMfr+/1NuNw3ag8v2kY1aQ/go5SNn79O9JU7yw=="
    },
    "simple-lru-cache": {
      "version": "0.0.2",
      "resolved": "https://registry.npmjs.org/simple-lru-cache/-/simple-lru-cache-0.0.2.tgz",
      "integrity": "sha1-1ZzDoZPBpdAyD4Tucy9uRxPlEd0="
    },
    "simple-update-in": {
      "version": "2.1.1",
      "resolved": "https://registry.npmjs.org/simple-update-in/-/simple-update-in-2.1.1.tgz",
      "integrity": "sha512-Iw4tMvOoibV6XqOqKgKgpMnFdgEtafhZv2KxNhHPAgXBtKrCTY6QFxMpvmSSuRHMK5uJ9hb6X+zniiTHVD7Sig=="
    },
    "web-speech-cognitive-services": {
      "version": "5.0.1",
      "resolved": "https://registry.npmjs.org/web-speech-cognitive-services/-/web-speech-cognitive-services-5.0.1.tgz",
      "integrity": "sha512-d+7DaeSr9JjOrJjWe7VY5IQ3KW12oisSt4Ou7kxn/xl9q1k2ogBF00kxhIMzMdUP4XMP2PsfpSb9VzFuL4mceQ==",
      "requires": {
        "@babel/runtime": "^7.5.5",
        "base64-arraybuffer": "^0.2.0",
        "event-as-promise": "^1.0.5",
        "events": "^3.0.0",
        "memoize-one": "^5.0.5",
        "microsoft-cognitiveservices-speech-sdk": "1.6.0",
        "on-error-resume-next": "^1.1.0",
        "simple-update-in": "^2.1.0"
      }
    },
    "ws": {
      "version": "6.2.1",
      "resolved": "https://registry.npmjs.org/ws/-/ws-6.2.1.tgz",
      "integrity": "sha512-GIyAXC2cB7LjvpgMt9EKS2ldqr0MTrORaleiOno6TweZ6r3TKtoFQWay/2PceJ3RuBasOHzXNn5Lrw1X0bEjqA==",
      "requires": {
        "async-limiter": "~1.0.0"
      }
    }
  }
}
